
Microsoft Visual Studio Solution File, Format Version 12.00
# Visual Studio Version 17
VisualStudioVersion = 17.0.32014.148
MinimumVisualStudioVersion = 10.0.40219.1
Project("{9A19103F-16F7-4668-BE54-9A1E7A4F7556}") = "Pindorama", "Pindorama.csproj", "{0BE15180-3F62-4F70-B841-85B75B151DBF}"
EndProject
Global
	GlobalSection(SolutionConfigurationPlatforms) = preSolution
		Debug|Any CPU = Debug|Any CPU
		Release|Any CPU = Release|Any CPU
	EndGlobalSection
	GlobalSection(ProjectConfigurationPlatforms) = postSolution
		{0BE15180-3F62-4F70-B841-85B75B151DBF}.Debug|Any CPU.ActiveCfg = Debug|Any CPU
		{0BE15180-3F62-4F70-B841-85B75B151DBF}.Debug|Any CPU.Build.0 = Debug|Any CPU
		{0BE15180-3F62-4F70-B841-85B75B151DBF}.Release|Any CPU.ActiveCfg = Release|Any CPU
		{0BE15180-3F62-4F70-B841-85B75B151DBF}.Release|Any CPU.Build.0 = Release|Any CPU
	EndGlobalSection
	GlobalSection(SolutionProperties) = preSolution
		HideSolutionNode = FALSE
	EndGlobalSection
	GlobalSection(ExtensibilityGlobals) = postSolution
		SolutionGuid = {DCC35373-138D-4E61-9D75-CE1DFFDAEA01}
	EndGlobalSection
EndGlobal
